
Microsoft Visual Studio Solution File, Format Version 12.00
# Visual Studio Version 16
VisualStudioVersion = 16.0.31424.327
MinimumVisualStudioVersion = 10.0.40219.1
Project("{FAE04EC0-301F-11D3-BF4B-00C04F79EFBC}") = "Informe", "Informe\Informe.csproj", "{DACA0955-B004-42BD-8541-916794181E71}"
EndProject
Global
	GlobalSection(SolutionConfigurationPlatforms) = preSolution
		Debug|Any CPU = Debug|Any CPU
		Release|Any CPU = Release|Any CPU
	EndGlobalSection
	GlobalSection(ProjectConfigurationPlatforms) = postSolution
		{DACA0955-B004-42BD-8541-916794181E71}.Debug|Any CPU.ActiveCfg = Debug|Any CPU
		{DACA0955-B004-42BD-8541-916794181E71}.Debug|Any CPU.Build.0 = Debug|Any CPU
		{DACA0955-B004-42BD-8541-916794181E71}.Release|Any CPU.ActiveCfg = Release|Any CPU
		{DACA0955-B004-42BD-8541-916794181E71}.Release|Any CPU.Build.0 = Release|Any CPU
	EndGlobalSection
	GlobalSection(SolutionProperties) = preSolution
		HideSolutionNode = FALSE
	EndGlobalSection
	GlobalSection(ExtensibilityGlobals) = postSolution
		SolutionGuid = {EB6812A9-DC83-41DE-AB22-7A997B4100FB}
	EndGlobalSection
EndGlobal
